
Microsoft Visual Studio Solution File, Format Version 12.00
# Visual Studio Version 17
VisualStudioVersion = 17.5.002.0
MinimumVisualStudioVersion = 10.0.40219.1
Project("{9A19103F-16F7-4668-BE54-9A1E7A4F7556}") = "BibliotecaApi", "BibliotecaApi\BibliotecaApi.csproj", "{A82A98AB-42B8-4E57-98FC-0AF66921F1FF}"
EndProject
Global
	GlobalSection(SolutionConfigurationPlatforms) = preSolution
		Debug|Any CPU = Debug|Any CPU
		Release|Any CPU = Release|Any CPU
	EndGlobalSection
	GlobalSection(ProjectConfigurationPlatforms) = postSolution
		{A82A98AB-42B8-4E57-98FC-0AF66921F1FF}.Debug|Any CPU.ActiveCfg = Debug|Any CPU
		{A82A98AB-42B8-4E57-98FC-0AF66921F1FF}.Debug|Any CPU.Build.0 = Debug|Any CPU
		{A82A98AB-42B8-4E57-98FC-0AF66921F1FF}.Release|Any CPU.ActiveCfg = Release|Any CPU
		{A82A98AB-42B8-4E57-98FC-0AF66921F1FF}.Release|Any CPU.Build.0 = Release|Any CPU
	EndGlobalSection
	GlobalSection(SolutionProperties) = preSolution
		HideSolutionNode = FALSE
	EndGlobalSection
	GlobalSection(ExtensibilityGlobals) = postSolution
		SolutionGuid = {A943614A-B741-40FD-8C67-1FAED02EA57E}
	EndGlobalSection
EndGlobal
